// !$*UTF8*$!
{
	archiveVersion = 1;
	classes = {
	};
	objectVersion = 46;
	objects = {

/* Begin PBXBuildFile section */
		A2CA77721C1FE8A1004D96A6 /* qingtingFM.plist in Resources */ = {isa = PBXBuildFile; fileRef = A2CA77711C1FE8A1004D96A6 /* qingtingFM.plist */; };
		A2F95ACC1C1F949900688799 /* main.m in Sources */ = {isa = PBXBuildFile; fileRef = A2F95ACB1C1F949900688799 /* main.m */; };
		A2F95ACF1C1F949900688799 /* AppDelegate.m in Sources */ = {isa = PBXBuildFile; fileRef = A2F95ACE1C1F949900688799 /* AppDelegate.m */; };
		A2F95AD21C1F949900688799 /* ViewController.m in Sources */ = {isa = PBXBuildFile; fileRef = A2F95AD11C1F949900688799 /* ViewController.m */; };
		A2F95AD51C1F949900688799 /* Main.storyboard in Resources */ = {isa = PBXBuildFile; fileRef = A2F95AD31C1F949900688799 /* Main.storyboard */; };
		A2F95AD71C1F949900688799 /* Assets.xcassets in Resources */ = {isa = PBXBuildFile; fileRef = A2F95AD61C1F949900688799 /* Assets.xcassets */; };
		A2F95ADA1C1F949900688799 /* LaunchScreen.storyboard in Resources */ = {isa = PBXBuildFile; fileRef = A2F95AD81C1F949900688799 /* LaunchScreen.storyboard */; };
/* End PBXBuildFile section */

/* Begin PBXFileReference section */
		A2CA77711C1FE8A1004D96A6 /* qingtingFM.plist */ = {isa = PBXFileReference; fileEncoding = 4; lastKnownFileType = text.plist.xml; path = qingtingFM.plist; sourceTree = "<group>"; };
		A2F95AC71C1F949900688799 /* 蜻蜓FM.app */ = {isa = PBXFileReference; explicitFileType = wrapper.application; includeInIndex = 0; path = "蜻蜓FM.app"; sourceTree = BUILT_PRODUCTS_DIR; };
		A2F95ACB1C1F949900688799 /* main.m */ = {isa = PBXFileReference; lastKnownFileType = sourcecode.c.objc; path = main.m; sourceTree = "<group>"; };
		A2F95ACD1C1F949900688799 /* AppDelegate.h */ = {isa = PBXFileReference; lastKnownFileType = sourcecode.c.h; path = AppDelegate.h; sourceTree = "<group>"; };
		A2F95ACE1C1F949900688799 /* AppDelegate.m */ = {isa = PBXFileReference; lastKnownFileType = sourcecode.c.objc; path = AppDelegate.m; sourceTree = "<group>"; };
		A2F95AD01C1F949900688799 /* ViewController.h */ = {isa = PBXFileReference; lastKnownFileType = sourcecode.c.h; path = ViewController.h; sourceTree = "<group>"; };
		A2F95AD11C1F949900688799 /* ViewController.m */ = {isa = PBXFileReference; lastKnownFileType = sourcecode.c.objc; path = ViewController.m; sourceTree = "<group>"; };
		A2F95AD41C1F949900688799 /* Base */ = {isa = PBXFileReference; lastKnownFileType = file.storyboard; name = Base; path = Base.lproj/Main.storyboard; sourceTree = "<group>"; };
		A2F95AD61C1F949900688799 /* Assets.xcassets */ = {isa = PBXFileReference; lastKnownFileType = folder.assetcatalog; path = Assets.xcassets; sourceTree = "<group>"; };
		A2F95AD91C1F949900688799 /* Base */ = {isa = PBXFileReference; lastKnownFileType = file.storyboard; name = Base; path = Base.lproj/LaunchScreen.storyboard; sourceTree = "<group>"; };
		A2F95ADB1C1F949900688799 /* Info.plist */ = {isa = PBXFileReference; lastKnownFileType = text.plist.xml; path = Info.plist; sourceTree = "<group>"; };
/* End PBXFileReference section */

/* Begin PBXFrameworksBuildPhase section */
		A2F95AC41C1F949900688799 /* Frameworks */ = {
			isa = PBXFrameworksBuildPhase;
			buildActionMask = 2147483647;
			files = (
			);
			runOnlyForDeploymentPostprocessing = 0;
		};
/* End PBXFrameworksBuildPhase section */

/* Begin PBXGroup section */
		A2F95ABE1C1F949900688799 = {
			isa = PBXGroup;
			children = (
				A2F95AC91C1F949900688799 /* 蜻蜓FM */,
				A2F95AC81C1F949900688799 /* Products */,
			);
			sourceTree = "<group>";
		};
		A2F95AC81C1F949900688799 /* Products */ = {
			isa = PBXGroup;
			children = (
				A2F95AC71C1F949900688799 /* 蜻蜓FM.app */,
			);
			name = Products;
			sourceTree = "<group>";
		};
		A2F95AC91C1F949900688799 /* 蜻蜓FM */ = {
			isa = PBXGroup;
			children = (
				A2F95ACD1C1F949900688799 /* AppDelegate.h */,
				A2F95ACE1C1F949900688799 /* AppDelegate.m */,
				A2F95AD01C1F949900688799 /* ViewController.h */,
				A2F95AD11C1F949900688799 /* ViewController.m */,
				A2F95AD31C1F949900688799 /* Main.storyboard */,
				A2F95AD61C1F949900688799 /* Assets.xcassets */,
				A2F95AD81C1F949900688799 /* LaunchScreen.storyboard */,
				A2F95ADB1C1F949900688799 /* Info.plist */,
				A2F95ACA1C1F949900688799 /* Supporting Files */,
			);
			path = "蜻蜓FM";
			sourceTree = "<group>";
		};
		A2F95ACA1C1F949900688799 /* Supporting Files */ = {
			isa = PBXGroup;
			children = (
				A2CA77711C1FE8A1004D96A6 /* qingtingFM.plist */,
				A2F95ACB1C1F949900688799 /* main.m */,
			);
			name = "Supporting Files";
			sourceTree = "<group>";
		};
/* End PBXGroup section */

/* Begin PBXNativeTarget section */
		A2F95AC61C1F949900688799 /* 蜻蜓FM */ = {
			isa = PBXNativeTarget;
			buildConfigurationList = A2F95ADE1C1F949900688799 /* Build configuration list for PBXNativeTarget "蜻蜓FM" */;
			buildPhases = (
				A2F95AC31C1F949900688799 /* Sources */,
				A2F95AC41C1F949900688799 /* Frameworks */,
				A2F95AC51C1F949900688799 /* Resources */,
			);
			buildRules = (
			);
			dependencies = (
			);
			name = "蜻蜓FM";
			productName = "蜻蜓FM";
			productReference = A2F95AC71C1F949900688799 /* 蜻蜓FM.app */;
			productType = "com.apple.product-type.application";
		};
/* End PBXNativeTarget section */

/* Begin PBXProject section */
		A2F95ABF1C1F949900688799 /* Project object */ = {
			isa = PBXProject;
			attributes = {
				CLASSPREFIX = HYK;
				LastUpgradeCheck = 0720;
				ORGANIZATIONNAME = "侯玉昆";
				TargetAttributes = {
					A2F95AC61C1F949900688799 = {
						CreatedOnToolsVersion = 7.2;
						DevelopmentTeam = 4CAJ7C5XX7;
					};
				};
			};
			buildConfigurationList = A2F95AC21C1F949900688799 /* Build configuration list for PBXProject "蜻蜓FM" */;
			compatibilityVersion = "Xcode 3.2";
			developmentRegion = English;
			hasScannedForEncodings = 0;
			knownRegions = (
				en,
				Base,
			);
			mainGroup = A2F95ABE1C1F949900688799;
			productRefGroup = A2F95AC81C1F949900688799 /* Products */;
			projectDirPath = "";
			projectRoot = "";
			targets = (
				A2F95AC61C1F949900688799 /* 蜻蜓FM */,
			);
		};
/* End PBXProject section */

/* Begin PBXResourcesBuildPhase section */
		A2F95AC51C1F949900688799 /* Resources */ = {
			isa = PBXResourcesBuildPhase;
			buildActionMask = 2147483647;
			files = (
				A2F95ADA1C1F949900688799 /* LaunchScreen.storyboard in Resources */,
				A2F95AD71C1F949900688799 /* Assets.xcassets in Resources */,
				A2CA77721C1FE8A1004D96A6 /* qingtingFM.plist in Resources */,
				A2F95AD51C1F949900688799 /* Main.storyboard in Resources */,
			);
			runOnlyForDeploymentPostprocessing = 0;
		};
/* End PBXResourcesBuildPhase section */

/* Begin PBXSourcesBuildPhase section */
		A2F95AC31C1F949900688799 /* Sources */ = {
			isa = PBXSourcesBuildPhase;
			buildActionMask = 2147483647;
			files = (
				A2F95AD21C1F949900688799 /* ViewController.m in Sources */,
				A2F95ACF1C1F949900688799 /* AppDelegate.m in Sources */,
				A2F95ACC1C1F949900688799 /* main.m in Sources */,
			);
			runOnlyForDeploymentPostprocessing = 0;
		};
/* End PBXSourcesBuildPhase section */

/* Begin PBXVariantGroup section */
		A2F95AD31C1F949900688799 /* Main.storyboard */ = {
			isa = PBXVariantGroup;
			children = (
				A2F95AD41C1F949900688799 /* Base */,
			);
			name = Main.storyboard;
			sourceTree = "<group>";
		};
		A2F95AD81C1F949900688799 /* LaunchScreen.storyboard */ = {
			isa = PBXVariantGroup;
			children = (
				A2F95AD91C1F949900688799 /* Base */,
			);
			name = LaunchScreen.storyboard;
			sourceTree = "<group>";
		};
/* End PBXVariantGroup section */

/* Begin XCBuildConfiguration section */
		A2F95ADC1C1F949900688799 /* Debug */ = {
			isa = XCBuildConfiguration;
			buildSettings = {
				ALWAYS_SEARCH_USER_PATHS = NO;
				CLANG_CXX_LANGUAGE_STANDARD = "gnu++0x";
				CLANG_CXX_LIBRARY = "libc++";
				CLANG_ENABLE_MODULES = YES;
				CLANG_ENABLE_OBJC_ARC = YES;
				CLANG_WARN_BOOL_CONVERSION = YES;
				CLANG_WARN_CONSTANT_CONVERSION = YES;
				CLANG_WARN_DIRECT_OBJC_ISA_USAGE = YES_ERROR;
				CLANG_WARN_EMPTY_BODY = YES;
				CLANG_WARN_ENUM_CONVERSION = YES;
				CLANG_WARN_INT_CONVERSION = YES;
				CLANG_WARN_OBJC_ROOT_CLASS = YES_ERROR;
				CLANG_WARN_UNREACHABLE_CODE = YES;
				CLANG_WARN__DUPLICATE_METHOD_MATCH = YES;
				"CODE_SIGN_IDENTITY[sdk=iphoneos*]" = "iPhone Developer";
				COPY_PHASE_STRIP = NO;
				DEBUG_INFORMATION_FORMAT = dwarf;
				ENABLE_STRICT_OBJC_MSGSEND = YES;
				ENABLE_TESTABILITY = YES;
				GCC_C_LANGUAGE_STANDARD = gnu99;
				GCC_DYNAMIC_NO_PIC = NO;
				GCC_NO_COMMON_BLOCKS = YES;
				GCC_OPTIMIZATION_LEVEL = 0;
				GCC_PREPROCESSOR_DEFINITIONS = (
					"DEBUG=1",
					"$(inherited)",
				);
				GCC_WARN_64_TO_32_BIT_CONVERSION = YES;
				GCC_WARN_ABOUT_RETURN_TYPE = YES_ERROR;
				GCC_WARN_UNDECLARED_SELECTOR = YES;
				GCC_WARN_UNINITIALIZED_AUTOS = YES_AGGRESSIVE;
				GCC_WARN_UNUSED_FUNCTION = YES;
				GCC_WARN_UNUSED_VARIABLE = YES;
				IPHONEOS_DEPLOYMENT_TARGET = 9.2;
				MTL_ENABLE_DEBUG_INFO = YES;
				ONLY_ACTIVE_ARCH = YES;
				SDKROOT = iphoneos;
				TARGETED_DEVICE_FAMILY = "1,2";
			};
			name = Debug;
		};
		A2F95ADD1C1F949900688799 /* Release */ = {
			isa = XCBuildConfiguration;
			buildSettings = {
				ALWAYS_SEARCH_USER_PATHS = NO;
				CLANG_CXX_LANGUAGE_STANDARD = "gnu++0x";
				CLANG_CXX_LIBRARY = "libc++";
				CLANG_ENABLE_MODULES = YES;
				CLANG_ENABLE_OBJC_ARC = YES;
				CLANG_WARN_BOOL_CONVERSION = YES;
				CLANG_WARN_CONSTANT_CONVERSION = YES;
				CLANG_WARN_DIRECT_OBJC_ISA_USAGE = YES_ERROR;
				CLANG_WARN_EMPTY_BODY = YES;
				CLANG_WARN_ENUM_CONVERSION = YES;
				CLANG_WARN_INT_CONVERSION = YES;
				CLANG_WARN_OBJC_ROOT_CLASS = YES_ERROR;
				CLANG_WARN_UNREACHABLE_CODE = YES;
				CLANG_WARN__DUPLICATE_METHOD_MATCH = YES;
				"CODE_SIGN_IDENTITY[sdk=iphoneos*]" = "iPhone Developer";
				COPY_PHASE_STRIP = NO;
				DEBUG_INFORMATION_FORMAT = "dwarf-with-dsym";
				ENABLE_NS_ASSERTIONS = NO;
				ENABLE_STRICT_OBJC_MSGSEND = YES;
				GCC_C_LANGUAGE_STANDARD = gnu99;
				GCC_NO_COMMON_BLOCKS = YES;
				GCC_WARN_64_TO_32_BIT_CONVERSION = YES;
				GCC_WARN_ABOUT_RETURN_TYPE = YES_ERROR;
				GCC_WARN_UNDECLARED_SELECTOR = YES;
				GCC_WARN_UNINITIALIZED_AUTOS = YES_AGGRESSIVE;
				GCC_WARN_UNUSED_FUNCTION = YES;
				GCC_WARN_UNUSED_VARIABLE = YES;
				IPHONEOS_DEPLOYMENT_TARGET = 9.2;
				MTL_ENABLE_DEBUG_INFO = NO;
				SDKROOT = iphoneos;
				TARGETED_DEVICE_FAMILY = "1,2";
				VALIDATE_PRODUCT = YES;
			};
			name = Release;
		};
		A2F95ADF1C1F949900688799 /* Debug */ = {
			isa = XCBuildConfiguration;
			buildSettings = {
				ASSETCATALOG_COMPILER_APPICON_NAME = AppIcon;
				INFOPLIST_FILE = "蜻蜓FM/Info.plist";
				IPHONEOS_DEPLOYMENT_TARGET = 9.0;
				LD_RUNPATH_SEARCH_PATHS = "$(inherited) @executable_path/Frameworks";
				PRODUCT_BUNDLE_IDENTIFIER = "com.ithema.--FM";
				PRODUCT_NAME = "$(TARGET_NAME)";
			};
			name = Debug;
		};
		A2F95AE01C1F949900688799 /* Release */ = {
			isa = XCBuildConfiguration;
			buildSettings = {
				ASSETCATALOG_COMPILER_APPICON_NAME = AppIcon;
				INFOPLIST_FILE = "蜻蜓FM/Info.plist";
				IPHONEOS_DEPLOYMENT_TARGET = 9.0;
				LD_RUNPATH_SEARCH_PATHS = "$(inherited) @executable_path/Frameworks";
				PRODUCT_BUNDLE_IDENTIFIER = "com.ithema.--FM";
				PRODUCT_NAME = "$(TARGET_NAME)";
			};
			name = Release;
		};
/* End XCBuildConfiguration section */

/* Begin XCConfigurationList section */
		A2F95AC21C1F949900688799 /* Build configuration list for PBXProject "蜻蜓FM" */ = {
			isa = XCConfigurationList;
			buildConfigurations = (
				A2F95ADC1C1F949900688799 /* Debug */,
				A2F95ADD1C1F949900688799 /* Release */,
			);
			defaultConfigurationIsVisible = 0;
			defaultConfigurationName = Release;
		};
		A2F95ADE1C1F949900688799 /* Build configuration list for PBXNativeTarget "蜻蜓FM" */ = {
			isa = XCConfigurationList;
			buildConfigurations = (
				A2F95ADF1C1F949900688799 /* Debug */,
				A2F95AE01C1F949900688799 /* Release */,
			);
			defaultConfigurationIsVisible = 0;
			defaultConfigurationName = Release;
		};
/* End XCConfigurationList section */
	};
	rootObject = A2F95ABF1C1F949900688799 /* Project object */;
}
